Microsoft Visual Studio Solution File, Format Version 11.00
# Visual Studio 2010
Project("{FAE04EC0-301F-11D3-BF4B-00C04F79EFBC}") = "Assembly-CSharp-firstpass", "Assembly-CSharp-firstpass.csproj", "{476B3A98-9596-8B1A-EBED-49CF3F349572}"
EndProject
Project("{FAE04EC0-301F-11D3-BF4B-00C04F79EFBC}") = "Assembly-CSharp", "Assembly-CSharp.csproj", "{005A7A38-67DB-66B3-6DFA-5DCD0B553448}"
EndProject
Project("{FAE04EC0-301F-11D3-BF4B-00C04F79EFBC}") = "Assembly-CSharp-Editor-firstpass", "Assembly-CSharp-Editor-firstpass.csproj", "{906BAD6B-1E6C-65F9-49ED-5D4C81A5F675}"
EndProject
Global
	GlobalSection(SolutionConfigurationPlatforms) = preSolution
		Debug|Any CPU = Debug|Any CPU
		Release|Any CPU = Release|Any CPU
	EndGlobalSection
	GlobalSection(ProjectConfigurationPlatforms) = postSolution
		{476B3A98-9596-8B1A-EBED-49CF3F349572}.Debug|Any CPU.ActiveCfg = Debug|Any CPU
		{476B3A98-9596-8B1A-EBED-49CF3F349572}.Debug|Any CPU.Build.0 = Debug|Any CPU
		{476B3A98-9596-8B1A-EBED-49CF3F349572}.Release|Any CPU.ActiveCfg = Release|Any CPU
		{476B3A98-9596-8B1A-EBED-49CF3F349572}.Release|Any CPU.Build.0 = Release|Any CPU
		{005A7A38-67DB-66B3-6DFA-5DCD0B553448}.Debug|Any CPU.ActiveCfg = Debug|Any CPU
		{005A7A38-67DB-66B3-6DFA-5DCD0B553448}.Debug|Any CPU.Build.0 = Debug|Any CPU
		{005A7A38-67DB-66B3-6DFA-5DCD0B553448}.Release|Any CPU.ActiveCfg = Release|Any CPU
		{005A7A38-67DB-66B3-6DFA-5DCD0B553448}.Release|Any CPU.Build.0 = Release|Any CPU
		{906BAD6B-1E6C-65F9-49ED-5D4C81A5F675}.Debug|Any CPU.ActiveCfg = Debug|Any CPU
		{906BAD6B-1E6C-65F9-49ED-5D4C81A5F675}.Debug|Any CPU.Build.0 = Debug|Any CPU
		{906BAD6B-1E6C-65F9-49ED-5D4C81A5F675}.Release|Any CPU.ActiveCfg = Release|Any CPU
		{906BAD6B-1E6C-65F9-49ED-5D4C81A5F675}.Release|Any CPU.Build.0 = Release|Any CPU
	EndGlobalSection
	GlobalSection(SolutionProperties) = preSolution
		HideSolutionNode = FALSE
	EndGlobalSection
	GlobalSection(MonoDevelopProperties) = preSolution
		StartupItem = Assembly-CSharp.csproj
	EndGlobalSection
EndGlobal
